
Microsoft Visual Studio Solution File, Format Version 12.00
# Visual Studio Version 17
VisualStudioVersion = 17.11.35312.102
MinimumVisualStudioVersion = 10.0.40219.1
Project("{FAE04EC0-301F-11D3-BF4B-00C04F79EFBC}") = "FilesHomeworkZad2", "FilesHomeworkZad2\FilesHomeworkZad2.csproj", "{F1C7816E-650D-4FCC-9FC1-FED9BD2D74C2}"
EndProject
Global
	GlobalSection(SolutionConfigurationPlatforms) = preSolution
		Debug|Any CPU = Debug|Any CPU
		Release|Any CPU = Release|Any CPU
	EndGlobalSection
	GlobalSection(ProjectConfigurationPlatforms) = postSolution
		{F1C7816E-650D-4FCC-9FC1-FED9BD2D74C2}.Debug|Any CPU.ActiveCfg = Debug|Any CPU
		{F1C7816E-650D-4FCC-9FC1-FED9BD2D74C2}.Debug|Any CPU.Build.0 = Debug|Any CPU
		{F1C7816E-650D-4FCC-9FC1-FED9BD2D74C2}.Release|Any CPU.ActiveCfg = Release|Any CPU
		{F1C7816E-650D-4FCC-9FC1-FED9BD2D74C2}.Release|Any CPU.Build.0 = Release|Any CPU
	EndGlobalSection
	GlobalSection(SolutionProperties) = preSolution
		HideSolutionNode = FALSE
	EndGlobalSection
	GlobalSection(ExtensibilityGlobals) = postSolution
		SolutionGuid = {7CF3BB56-847E-4A01-952D-D774653EF0E0}
	EndGlobalSection
EndGlobal
