
Microsoft Visual Studio Solution File, Format Version 12.00
# Visual Studio Version 17
VisualStudioVersion = 17.11.35312.102
MinimumVisualStudioVersion = 10.0.40219.1
Project("{FAE04EC0-301F-11D3-BF4B-00C04F79EFBC}") = "FilesHomeworkZad5", "FilesHomeworkZad5\FilesHomeworkZad5.csproj", "{8F7E0A41-1292-48D2-AA8A-139EA7DD1B56}"
EndProject
Global
	GlobalSection(SolutionConfigurationPlatforms) = preSolution
		Debug|Any CPU = Debug|Any CPU
		Release|Any CPU = Release|Any CPU
	EndGlobalSection
	GlobalSection(ProjectConfigurationPlatforms) = postSolution
		{8F7E0A41-1292-48D2-AA8A-139EA7DD1B56}.Debug|Any CPU.ActiveCfg = Debug|Any CPU
		{8F7E0A41-1292-48D2-AA8A-139EA7DD1B56}.Debug|Any CPU.Build.0 = Debug|Any CPU
		{8F7E0A41-1292-48D2-AA8A-139EA7DD1B56}.Release|Any CPU.ActiveCfg = Release|Any CPU
		{8F7E0A41-1292-48D2-AA8A-139EA7DD1B56}.Release|Any CPU.Build.0 = Release|Any CPU
	EndGlobalSection
	GlobalSection(SolutionProperties) = preSolution
		HideSolutionNode = FALSE
	EndGlobalSection
	GlobalSection(ExtensibilityGlobals) = postSolution
		SolutionGuid = {04703F5B-11C7-45BD-A86B-6122656DA5AE}
	EndGlobalSection
EndGlobal
